
Microsoft Visual Studio Solution File, Format Version 12.00
# Visual Studio 2013
VisualStudioVersion = 12.0.21005.1
MinimumVisualStudioVersion = 10.0.40219.1
Project("{FAE04EC0-301F-11D3-BF4B-00C04F79EFBC}") = "SolveText", "SolveText\SolveText.csproj", "{EEE22281-D411-4957-9494-A828F117B772}"
EndProject
Global
	GlobalSection(SolutionConfigurationPlatforms) = preSolution
		Debug|Any CPU = Debug|Any CPU
		Release|Any CPU = Release|Any CPU
	EndGlobalSection
	GlobalSection(ProjectConfigurationPlatforms) = postSolution
		{EEE22281-D411-4957-9494-A828F117B772}.Debug|Any CPU.ActiveCfg = Debug|Any CPU
		{EEE22281-D411-4957-9494-A828F117B772}.Debug|Any CPU.Build.0 = Debug|Any CPU
		{EEE22281-D411-4957-9494-A828F117B772}.Debug|Any CPU.Deploy.0 = Debug|Any CPU
		{EEE22281-D411-4957-9494-A828F117B772}.Release|Any CPU.ActiveCfg = Release|Any CPU
		{EEE22281-D411-4957-9494-A828F117B772}.Release|Any CPU.Build.0 = Release|Any CPU
	EndGlobalSection
	GlobalSection(SolutionProperties) = preSolution
		HideSolutionNode = FALSE
	EndGlobalSection
EndGlobal
